
Microsoft Visual Studio Solution File, Format Version 12.00
# Visual Studio Version 16
VisualStudioVersion = 16.0.29728.190
MinimumVisualStudioVersion = 10.0.40219.1
Project("{8BC9CEB8-8B4A-11D0-8D11-00A0C91BC942}") = "OpenGL Tutorials", "OpenGL Tutorials\OpenGL Tutorials.vcxproj", "{2B838F30-A98F-484A-8A02-5AD6162BA4F8}"
EndProject
Project("{8BC9CEB8-8B4A-11D0-8D11-00A0C91BC942}") = "JGraphicsLib", "JGraphicsLib\JGraphicsLib.vcxproj", "{133205E2-5788-405A-9FFC-51CCF2AE4BF9}"
EndProject
Project("{9A19103F-16F7-4668-BE54-9A1E7A4F7556}") = "JGraphicsLibWrapper", "JGraphicsLibWrapper\JGraphicsLibWrapper.csproj", "{EE582142-F799-4A72-B6B7-5E08E6F98025}"
	ProjectSection(ProjectDependencies) = postProject
		{133205E2-5788-405A-9FFC-51CCF2AE4BF9} = {133205E2-5788-405A-9FFC-51CCF2AE4BF9}
	EndProjectSection
EndProject
Project("{FAE04EC0-301F-11D3-BF4B-00C04F79EFBC}") = "GLGame", "GLGame\GLGame.csproj", "{0D7D18E3-5F10-4E45-94D2-90F37CE514C2}"
EndProject
Global
	GlobalSection(SolutionConfigurationPlatforms) = preSolution
		Debug|Any CPU = Debug|Any CPU
		Debug|x64 = Debug|x64
		Debug|x86 = Debug|x86
		Release|Any CPU = Release|Any CPU
		Release|x64 = Release|x64
		Release|x86 = Release|x86
	EndGlobalSection
	GlobalSection(ProjectConfigurationPlatforms) = postSolution
		{2B838F30-A98F-484A-8A02-5AD6162BA4F8}.Debug|Any CPU.ActiveCfg = Debug|Win32
		{2B838F30-A98F-484A-8A02-5AD6162BA4F8}.Debug|x64.ActiveCfg = Debug|x64
		{2B838F30-A98F-484A-8A02-5AD6162BA4F8}.Debug|x64.Build.0 = Debug|x64
		{2B838F30-A98F-484A-8A02-5AD6162BA4F8}.Debug|x86.ActiveCfg = Debug|Win32
		{2B838F30-A98F-484A-8A02-5AD6162BA4F8}.Debug|x86.Build.0 = Debug|Win32
		{2B838F30-A98F-484A-8A02-5AD6162BA4F8}.Release|Any CPU.ActiveCfg = Release|Win32
		{2B838F30-A98F-484A-8A02-5AD6162BA4F8}.Release|x64.ActiveCfg = Release|x64
		{2B838F30-A98F-484A-8A02-5AD6162BA4F8}.Release|x64.Build.0 = Release|x64
		{2B838F30-A98F-484A-8A02-5AD6162BA4F8}.Release|x86.ActiveCfg = Release|Win32
		{2B838F30-A98F-484A-8A02-5AD6162BA4F8}.Release|x86.Build.0 = Release|Win32
		{133205E2-5788-405A-9FFC-51CCF2AE4BF9}.Debug|Any CPU.ActiveCfg = Debug|Win32
		{133205E2-5788-405A-9FFC-51CCF2AE4BF9}.Debug|x64.ActiveCfg = Debug|x64
		{133205E2-5788-405A-9FFC-51CCF2AE4BF9}.Debug|x64.Build.0 = Debug|x64
		{133205E2-5788-405A-9FFC-51CCF2AE4BF9}.Debug|x86.ActiveCfg = Debug|Win32
		{133205E2-5788-405A-9FFC-51CCF2AE4BF9}.Debug|x86.Build.0 = Debug|Win32
		{133205E2-5788-405A-9FFC-51CCF2AE4BF9}.Release|Any CPU.ActiveCfg = Release|Win32
		{133205E2-5788-405A-9FFC-51CCF2AE4BF9}.Release|x64.ActiveCfg = Release|x64
		{133205E2-5788-405A-9FFC-51CCF2AE4BF9}.Release|x64.Build.0 = Release|x64
		{133205E2-5788-405A-9FFC-51CCF2AE4BF9}.Release|x86.ActiveCfg = Release|Win32
		{133205E2-5788-405A-9FFC-51CCF2AE4BF9}.Release|x86.Build.0 = Release|Win32
		{EE582142-F799-4A72-B6B7-5E08E6F98025}.Debug|Any CPU.ActiveCfg = Debug|Any CPU
		{EE582142-F799-4A72-B6B7-5E08E6F98025}.Debug|Any CPU.Build.0 = Debug|Any CPU
		{EE582142-F799-4A72-B6B7-5E08E6F98025}.Debug|x64.ActiveCfg = Debug|x64
		{EE582142-F799-4A72-B6B7-5E08E6F98025}.Debug|x64.Build.0 = Debug|x64
		{EE582142-F799-4A72-B6B7-5E08E6F98025}.Debug|x86.ActiveCfg = Debug|Any CPU
		{EE582142-F799-4A72-B6B7-5E08E6F98025}.Debug|x86.Build.0 = Debug|Any CPU
		{EE582142-F799-4A72-B6B7-5E08E6F98025}.Release|Any CPU.ActiveCfg = Release|Any CPU
		{EE582142-F799-4A72-B6B7-5E08E6F98025}.Release|Any CPU.Build.0 = Release|Any CPU
		{EE582142-F799-4A72-B6B7-5E08E6F98025}.Release|x64.ActiveCfg = Release|Any CPU
		{EE582142-F799-4A72-B6B7-5E08E6F98025}.Release|x64.Build.0 = Release|Any CPU
		{EE582142-F799-4A72-B6B7-5E08E6F98025}.Release|x86.ActiveCfg = Release|Any CPU
		{EE582142-F799-4A72-B6B7-5E08E6F98025}.Release|x86.Build.0 = Release|Any CPU
		{0D7D18E3-5F10-4E45-94D2-90F37CE514C2}.Debug|Any CPU.ActiveCfg = Debug|Any CPU
		{0D7D18E3-5F10-4E45-94D2-90F37CE514C2}.Debug|Any CPU.Build.0 = Debug|Any CPU
		{0D7D18E3-5F10-4E45-94D2-90F37CE514C2}.Debug|x64.ActiveCfg = Debug|x64
		{0D7D18E3-5F10-4E45-94D2-90F37CE514C2}.Debug|x64.Build.0 = Debug|x64
		{0D7D18E3-5F10-4E45-94D2-90F37CE514C2}.Debug|x86.ActiveCfg = Debug|Any CPU
		{0D7D18E3-5F10-4E45-94D2-90F37CE514C2}.Debug|x86.Build.0 = Debug|Any CPU
		{0D7D18E3-5F10-4E45-94D2-90F37CE514C2}.Release|Any CPU.ActiveCfg = Release|Any CPU
		{0D7D18E3-5F10-4E45-94D2-90F37CE514C2}.Release|Any CPU.Build.0 = Release|Any CPU
		{0D7D18E3-5F10-4E45-94D2-90F37CE514C2}.Release|x64.ActiveCfg = Release|Any CPU
		{0D7D18E3-5F10-4E45-94D2-90F37CE514C2}.Release|x64.Build.0 = Release|Any CPU
		{0D7D18E3-5F10-4E45-94D2-90F37CE514C2}.Release|x86.ActiveCfg = Release|Any CPU
		{0D7D18E3-5F10-4E45-94D2-90F37CE514C2}.Release|x86.Build.0 = Release|Any CPU
	EndGlobalSection
	GlobalSection(SolutionProperties) = preSolution
		HideSolutionNode = FALSE
	EndGlobalSection
	GlobalSection(ExtensibilityGlobals) = postSolution
		SolutionGuid = {4C261082-D0C2-44F2-82BD-63EA6F26720A}
	EndGlobalSection
EndGlobal
